
Microsoft Visual Studio Solution File, Format Version 12.00
# Visual Studio 15
VisualStudioVersion = 15.0.27428.2027
MinimumVisualStudioVersion = 10.0.40219.1
Project("{9092AA53-FB77-4645-B42D-1CCCA6BD08BD}") = "HelloTypScript", "HelloTypScript\HelloTypScript.njsproj", "{27341D3B-E391-4BF9-9ED6-0960AF542214}"
EndProject
Global
	GlobalSection(SolutionConfigurationPlatforms) = preSolution
		Debug|Any CPU = Debug|Any CPU
		Release|Any CPU = Release|Any CPU
	EndGlobalSection
	GlobalSection(ProjectConfigurationPlatforms) = postSolution
		{27341D3B-E391-4BF9-9ED6-0960AF542214}.Debug|Any CPU.ActiveCfg = Debug|Any CPU
		{27341D3B-E391-4BF9-9ED6-0960AF542214}.Debug|Any CPU.Build.0 = Debug|Any CPU
		{27341D3B-E391-4BF9-9ED6-0960AF542214}.Release|Any CPU.ActiveCfg = Release|Any CPU
		{27341D3B-E391-4BF9-9ED6-0960AF542214}.Release|Any CPU.Build.0 = Release|Any CPU
	EndGlobalSection
	GlobalSection(SolutionProperties) = preSolution
		HideSolutionNode = FALSE
	EndGlobalSection
	GlobalSection(ExtensibilityGlobals) = postSolution
		SolutionGuid = {035BED4E-8FB1-4A81-9BE2-6E7506A91B50}
	EndGlobalSection
EndGlobal
